
Microsoft Visual Studio Solution File, Format Version 12.00
# Visual Studio Version 16
VisualStudioVersion = 16.6.30114.105
MinimumVisualStudioVersion = 10.0.40219.1
Project("{2150E333-8FDC-42A3-9474-1A3956D46DE8}") = "src", "src", "{3BE5FC28-7B69-410A-827D-5345F9E4C7ED}"
EndProject
Project("{2150E333-8FDC-42A3-9474-1A3956D46DE8}") = "BuildingBlocks", "BuildingBlocks", "{92CE9336-C1CC-424F-BA32-1EAC7880478F}"
EndProject
Project("{FAE04EC0-301F-11D3-BF4B-00C04F79EFBC}") = "RabbitMQ", "src\BuildingBlocks\RabbitMQ\RabbitMQ.csproj", "{1B255662-5EDC-4A2E-A1B5-912B2709BD91}"
EndProject
Project("{2150E333-8FDC-42A3-9474-1A3956D46DE8}") = "Services", "Services", "{4CEFA806-BAA8-4497-9A04-522570E1D85C}"
EndProject
Project("{FAE04EC0-301F-11D3-BF4B-00C04F79EFBC}") = "Product.API", "src\Services\Product.API\Product.API.csproj", "{C7B6FF6B-5D32-4467-BD09-08A2E2422D3D}"
EndProject
Project("{FAE04EC0-301F-11D3-BF4B-00C04F79EFBC}") = "Ordering.API", "src\Services\Ordering.API\Ordering.API.csproj", "{CE687D8D-5C4F-49E9-A716-6D317983A1CF}"
EndProject
Global
	GlobalSection(SolutionConfigurationPlatforms) = preSolution
		Debug|Any CPU = Debug|Any CPU
		Debug|x64 = Debug|x64
		Debug|x86 = Debug|x86
		Release|Any CPU = Release|Any CPU
		Release|x64 = Release|x64
		Release|x86 = Release|x86
	EndGlobalSection
	GlobalSection(SolutionProperties) = preSolution
		HideSolutionNode = FALSE
	EndGlobalSection
	GlobalSection(ProjectConfigurationPlatforms) = postSolution
		{1B255662-5EDC-4A2E-A1B5-912B2709BD91}.Debug|Any CPU.ActiveCfg = Debug|Any CPU
		{1B255662-5EDC-4A2E-A1B5-912B2709BD91}.Debug|Any CPU.Build.0 = Debug|Any CPU
		{1B255662-5EDC-4A2E-A1B5-912B2709BD91}.Debug|x64.ActiveCfg = Debug|Any CPU
		{1B255662-5EDC-4A2E-A1B5-912B2709BD91}.Debug|x64.Build.0 = Debug|Any CPU
		{1B255662-5EDC-4A2E-A1B5-912B2709BD91}.Debug|x86.ActiveCfg = Debug|Any CPU
		{1B255662-5EDC-4A2E-A1B5-912B2709BD91}.Debug|x86.Build.0 = Debug|Any CPU
		{1B255662-5EDC-4A2E-A1B5-912B2709BD91}.Release|Any CPU.ActiveCfg = Release|Any CPU
		{1B255662-5EDC-4A2E-A1B5-912B2709BD91}.Release|Any CPU.Build.0 = Release|Any CPU
		{1B255662-5EDC-4A2E-A1B5-912B2709BD91}.Release|x64.ActiveCfg = Release|Any CPU
		{1B255662-5EDC-4A2E-A1B5-912B2709BD91}.Release|x64.Build.0 = Release|Any CPU
		{1B255662-5EDC-4A2E-A1B5-912B2709BD91}.Release|x86.ActiveCfg = Release|Any CPU
		{1B255662-5EDC-4A2E-A1B5-912B2709BD91}.Release|x86.Build.0 = Release|Any CPU
		{C7B6FF6B-5D32-4467-BD09-08A2E2422D3D}.Debug|Any CPU.ActiveCfg = Debug|Any CPU
		{C7B6FF6B-5D32-4467-BD09-08A2E2422D3D}.Debug|Any CPU.Build.0 = Debug|Any CPU
		{C7B6FF6B-5D32-4467-BD09-08A2E2422D3D}.Debug|x64.ActiveCfg = Debug|Any CPU
		{C7B6FF6B-5D32-4467-BD09-08A2E2422D3D}.Debug|x64.Build.0 = Debug|Any CPU
		{C7B6FF6B-5D32-4467-BD09-08A2E2422D3D}.Debug|x86.ActiveCfg = Debug|Any CPU
		{C7B6FF6B-5D32-4467-BD09-08A2E2422D3D}.Debug|x86.Build.0 = Debug|Any CPU
		{C7B6FF6B-5D32-4467-BD09-08A2E2422D3D}.Release|Any CPU.ActiveCfg = Release|Any CPU
		{C7B6FF6B-5D32-4467-BD09-08A2E2422D3D}.Release|Any CPU.Build.0 = Release|Any CPU
		{C7B6FF6B-5D32-4467-BD09-08A2E2422D3D}.Release|x64.ActiveCfg = Release|Any CPU
		{C7B6FF6B-5D32-4467-BD09-08A2E2422D3D}.Release|x64.Build.0 = Release|Any CPU
		{C7B6FF6B-5D32-4467-BD09-08A2E2422D3D}.Release|x86.ActiveCfg = Release|Any CPU
		{C7B6FF6B-5D32-4467-BD09-08A2E2422D3D}.Release|x86.Build.0 = Release|Any CPU
		{CE687D8D-5C4F-49E9-A716-6D317983A1CF}.Debug|Any CPU.ActiveCfg = Debug|Any CPU
		{CE687D8D-5C4F-49E9-A716-6D317983A1CF}.Debug|Any CPU.Build.0 = Debug|Any CPU
		{CE687D8D-5C4F-49E9-A716-6D317983A1CF}.Debug|x64.ActiveCfg = Debug|Any CPU
		{CE687D8D-5C4F-49E9-A716-6D317983A1CF}.Debug|x64.Build.0 = Debug|Any CPU
		{CE687D8D-5C4F-49E9-A716-6D317983A1CF}.Debug|x86.ActiveCfg = Debug|Any CPU
		{CE687D8D-5C4F-49E9-A716-6D317983A1CF}.Debug|x86.Build.0 = Debug|Any CPU
		{CE687D8D-5C4F-49E9-A716-6D317983A1CF}.Release|Any CPU.ActiveCfg = Release|Any CPU
		{CE687D8D-5C4F-49E9-A716-6D317983A1CF}.Release|Any CPU.Build.0 = Release|Any CPU
		{CE687D8D-5C4F-49E9-A716-6D317983A1CF}.Release|x64.ActiveCfg = Release|Any CPU
		{CE687D8D-5C4F-49E9-A716-6D317983A1CF}.Release|x64.Build.0 = Release|Any CPU
		{CE687D8D-5C4F-49E9-A716-6D317983A1CF}.Release|x86.ActiveCfg = Release|Any CPU
		{CE687D8D-5C4F-49E9-A716-6D317983A1CF}.Release|x86.Build.0 = Release|Any CPU
	EndGlobalSection
	GlobalSection(NestedProjects) = preSolution
		{92CE9336-C1CC-424F-BA32-1EAC7880478F} = {3BE5FC28-7B69-410A-827D-5345F9E4C7ED}
		{1B255662-5EDC-4A2E-A1B5-912B2709BD91} = {92CE9336-C1CC-424F-BA32-1EAC7880478F}
		{4CEFA806-BAA8-4497-9A04-522570E1D85C} = {3BE5FC28-7B69-410A-827D-5345F9E4C7ED}
		{C7B6FF6B-5D32-4467-BD09-08A2E2422D3D} = {4CEFA806-BAA8-4497-9A04-522570E1D85C}
		{CE687D8D-5C4F-49E9-A716-6D317983A1CF} = {4CEFA806-BAA8-4497-9A04-522570E1D85C}
	EndGlobalSection
EndGlobal
